
Microsoft Visual Studio Solution File, Format Version 12.00
# Visual Studio Version 17
VisualStudioVersion = 17.5.002.0
MinimumVisualStudioVersion = 10.0.40219.1
Project("{9A19103F-16F7-4668-BE54-9A1E7A4F7556}") = "DesafioFundamentos", "DesafioFundamentos.csproj", "{32DBA648-1497-4DFA-AD47-51565610DF39}"
EndProject
Global
	GlobalSection(SolutionConfigurationPlatforms) = preSolution
		Debug|Any CPU = Debug|Any CPU
		Release|Any CPU = Release|Any CPU
	EndGlobalSection
	GlobalSection(ProjectConfigurationPlatforms) = postSolution
		{32DBA648-1497-4DFA-AD47-51565610DF39}.Debug|Any CPU.ActiveCfg = Debug|Any CPU
		{32DBA648-1497-4DFA-AD47-51565610DF39}.Debug|Any CPU.Build.0 = Debug|Any CPU
		{32DBA648-1497-4DFA-AD47-51565610DF39}.Release|Any CPU.ActiveCfg = Release|Any CPU
		{32DBA648-1497-4DFA-AD47-51565610DF39}.Release|Any CPU.Build.0 = Release|Any CPU
	EndGlobalSection
	GlobalSection(SolutionProperties) = preSolution
		HideSolutionNode = FALSE
	EndGlobalSection
	GlobalSection(ExtensibilityGlobals) = postSolution
		SolutionGuid = {77954ADF-E59D-43D5-AB6E-85D8B0AC8607}
	EndGlobalSection
EndGlobal
